
Microsoft Visual Studio Solution File, Format Version 12.00
# Visual Studio 2012
Project("{FAE04EC0-301F-11D3-BF4B-00C04F79EFBC}") = "OpenDoorsSite", "OpenDoorsSite.csproj", "{EA2E9AF2-F1C5-421C-BAF6-7D48BA6DBD20}"
EndProject
Project("{FAE04EC0-301F-11D3-BF4B-00C04F79EFBC}") = "OtwArchive", "..\ArchiveClient\OtwArchive\OtwArchive.csproj", "{A702516F-D899-4520-9A65-9A2679DF1CB2}"
EndProject
Global
	GlobalSection(SolutionConfigurationPlatforms) = preSolution
		Debug|Any CPU = Debug|Any CPU
		Release|Any CPU = Release|Any CPU
		VM|Any CPU = VM|Any CPU
	EndGlobalSection
	GlobalSection(ProjectConfigurationPlatforms) = postSolution
		{EA2E9AF2-F1C5-421C-BAF6-7D48BA6DBD20}.Debug|Any CPU.ActiveCfg = Debug|Any CPU
		{EA2E9AF2-F1C5-421C-BAF6-7D48BA6DBD20}.Debug|Any CPU.Build.0 = Debug|Any CPU
		{EA2E9AF2-F1C5-421C-BAF6-7D48BA6DBD20}.Release|Any CPU.ActiveCfg = Release|Any CPU
		{EA2E9AF2-F1C5-421C-BAF6-7D48BA6DBD20}.Release|Any CPU.Build.0 = Release|Any CPU
		{EA2E9AF2-F1C5-421C-BAF6-7D48BA6DBD20}.VM|Any CPU.ActiveCfg = VM|Any CPU
		{EA2E9AF2-F1C5-421C-BAF6-7D48BA6DBD20}.VM|Any CPU.Build.0 = VM|Any CPU
		{A702516F-D899-4520-9A65-9A2679DF1CB2}.Debug|Any CPU.ActiveCfg = Debug|Any CPU
		{A702516F-D899-4520-9A65-9A2679DF1CB2}.Debug|Any CPU.Build.0 = Debug|Any CPU
		{A702516F-D899-4520-9A65-9A2679DF1CB2}.Release|Any CPU.ActiveCfg = Release|Any CPU
		{A702516F-D899-4520-9A65-9A2679DF1CB2}.Release|Any CPU.Build.0 = Release|Any CPU
		{A702516F-D899-4520-9A65-9A2679DF1CB2}.VM|Any CPU.ActiveCfg = Release|Any CPU
		{A702516F-D899-4520-9A65-9A2679DF1CB2}.VM|Any CPU.Build.0 = Release|Any CPU
	EndGlobalSection
	GlobalSection(SolutionProperties) = preSolution
		HideSolutionNode = FALSE
	EndGlobalSection
EndGlobal
